
Microsoft Visual Studio Solution File, Format Version 12.00
# Visual Studio Version 17
VisualStudioVersion = 17.13.35825.156 d17.13
MinimumVisualStudioVersion = 10.0.40219.1
Project("{FAE04EC0-301F-11D3-BF4B-00C04F79EFBC}") = "EasyComTools", "EasyComTools\EasyComTools.csproj", "{2E8E5CA1-DE3C-432B-AB98-18AD4704185B}"
EndProject
Global
	GlobalSection(SolutionConfigurationPlatforms) = preSolution
		Debug|Any CPU = Debug|Any CPU
		Release|Any CPU = Release|Any CPU
	EndGlobalSection
	GlobalSection(ProjectConfigurationPlatforms) = postSolution
		{2E8E5CA1-DE3C-432B-AB98-18AD4704185B}.Debug|Any CPU.ActiveCfg = Debug|Any CPU
		{2E8E5CA1-DE3C-432B-AB98-18AD4704185B}.Debug|Any CPU.Build.0 = Debug|Any CPU
		{2E8E5CA1-DE3C-432B-AB98-18AD4704185B}.Release|Any CPU.ActiveCfg = Release|Any CPU
		{2E8E5CA1-DE3C-432B-AB98-18AD4704185B}.Release|Any CPU.Build.0 = Release|Any CPU
	EndGlobalSection
	GlobalSection(SolutionProperties) = preSolution
		HideSolutionNode = FALSE
	EndGlobalSection
	GlobalSection(ExtensibilityGlobals) = postSolution
		SolutionGuid = {C5DE5358-5827-435B-84C5-18B894556010}
	EndGlobalSection
EndGlobal
